
Microsoft Visual Studio Solution File, Format Version 12.00
# Visual Studio Version 17
VisualStudioVersion = 17.0.31903.59
MinimumVisualStudioVersion = 10.0.40219.1
Project("{2150E333-8FDC-42A3-9474-1A3956D46DE8}") = "src", "src", "{827E0CD3-B72D-47B6-A68D-7590B98EB39B}"
EndProject
Project("{FAE04EC0-301F-11D3-BF4B-00C04F79EFBC}") = "Health.Application", "src\Health.Application\Health.Application.csproj", "{FEB2C626-AD76-4955-AA2E-C17CF4EFC7E8}"
EndProject
Project("{FAE04EC0-301F-11D3-BF4B-00C04F79EFBC}") = "Health.Infrastructure", "src\Health.Infrastructure\Health.Infrastructure.csproj", "{B673F761-6ACE-4DF3-9739-39230DAE4702}"
EndProject
Project("{FAE04EC0-301F-11D3-BF4B-00C04F79EFBC}") = "Health.API", "src\Health.API\Health.API.csproj", "{57561895-5E50-4AB2-ABE7-3F992DD75B8E}"
EndProject
Project("{FAE04EC0-301F-11D3-BF4B-00C04F79EFBC}") = "Health.Domain", "src\Health.Domain\Health.Domain.csproj", "{A78835BE-46E7-4662-97A6-5E9DC4AEABED}"
EndProject
Project("{FAE04EC0-301F-11D3-BF4B-00C04F79EFBC}") = "Health.Domain.Shared", "src\Health.Domain.Shared\Health.Domain.Shared.csproj", "{34566244-939F-4122-8AD7-34FCCBE9E14E}"
EndProject
Project("{FAE04EC0-301F-11D3-BF4B-00C04F79EFBC}") = "tests", "tests\tests.csproj", "{9726EB34-7D7C-4758-9F4C-77FE7C968588}"
EndProject
Global
	GlobalSection(SolutionConfigurationPlatforms) = preSolution
		Debug|Any CPU = Debug|Any CPU
		Debug|x64 = Debug|x64
		Debug|x86 = Debug|x86
		Release|Any CPU = Release|Any CPU
		Release|x64 = Release|x64
		Release|x86 = Release|x86
	EndGlobalSection
	GlobalSection(ProjectConfigurationPlatforms) = postSolution
		{FEB2C626-AD76-4955-AA2E-C17CF4EFC7E8}.Debug|Any CPU.ActiveCfg = Debug|Any CPU
		{FEB2C626-AD76-4955-AA2E-C17CF4EFC7E8}.Debug|Any CPU.Build.0 = Debug|Any CPU
		{FEB2C626-AD76-4955-AA2E-C17CF4EFC7E8}.Debug|x64.ActiveCfg = Debug|Any CPU
		{FEB2C626-AD76-4955-AA2E-C17CF4EFC7E8}.Debug|x64.Build.0 = Debug|Any CPU
		{FEB2C626-AD76-4955-AA2E-C17CF4EFC7E8}.Debug|x86.ActiveCfg = Debug|Any CPU
		{FEB2C626-AD76-4955-AA2E-C17CF4EFC7E8}.Debug|x86.Build.0 = Debug|Any CPU
		{FEB2C626-AD76-4955-AA2E-C17CF4EFC7E8}.Release|Any CPU.ActiveCfg = Release|Any CPU
		{FEB2C626-AD76-4955-AA2E-C17CF4EFC7E8}.Release|Any CPU.Build.0 = Release|Any CPU
		{FEB2C626-AD76-4955-AA2E-C17CF4EFC7E8}.Release|x64.ActiveCfg = Release|Any CPU
		{FEB2C626-AD76-4955-AA2E-C17CF4EFC7E8}.Release|x64.Build.0 = Release|Any CPU
		{FEB2C626-AD76-4955-AA2E-C17CF4EFC7E8}.Release|x86.ActiveCfg = Release|Any CPU
		{FEB2C626-AD76-4955-AA2E-C17CF4EFC7E8}.Release|x86.Build.0 = Release|Any CPU
		{B673F761-6ACE-4DF3-9739-39230DAE4702}.Debug|Any CPU.ActiveCfg = Debug|Any CPU
		{B673F761-6ACE-4DF3-9739-39230DAE4702}.Debug|Any CPU.Build.0 = Debug|Any CPU
		{B673F761-6ACE-4DF3-9739-39230DAE4702}.Debug|x64.ActiveCfg = Debug|Any CPU
		{B673F761-6ACE-4DF3-9739-39230DAE4702}.Debug|x64.Build.0 = Debug|Any CPU
		{B673F761-6ACE-4DF3-9739-39230DAE4702}.Debug|x86.ActiveCfg = Debug|Any CPU
		{B673F761-6ACE-4DF3-9739-39230DAE4702}.Debug|x86.Build.0 = Debug|Any CPU
		{B673F761-6ACE-4DF3-9739-39230DAE4702}.Release|Any CPU.ActiveCfg = Release|Any CPU
		{B673F761-6ACE-4DF3-9739-39230DAE4702}.Release|Any CPU.Build.0 = Release|Any CPU
		{B673F761-6ACE-4DF3-9739-39230DAE4702}.Release|x64.ActiveCfg = Release|Any CPU
		{B673F761-6ACE-4DF3-9739-39230DAE4702}.Release|x64.Build.0 = Release|Any CPU
		{B673F761-6ACE-4DF3-9739-39230DAE4702}.Release|x86.ActiveCfg = Release|Any CPU
		{B673F761-6ACE-4DF3-9739-39230DAE4702}.Release|x86.Build.0 = Release|Any CPU
		{57561895-5E50-4AB2-ABE7-3F992DD75B8E}.Debug|Any CPU.ActiveCfg = Debug|Any CPU
		{57561895-5E50-4AB2-ABE7-3F992DD75B8E}.Debug|Any CPU.Build.0 = Debug|Any CPU
		{57561895-5E50-4AB2-ABE7-3F992DD75B8E}.Debug|x64.ActiveCfg = Debug|Any CPU
		{57561895-5E50-4AB2-ABE7-3F992DD75B8E}.Debug|x64.Build.0 = Debug|Any CPU
		{57561895-5E50-4AB2-ABE7-3F992DD75B8E}.Debug|x86.ActiveCfg = Debug|Any CPU
		{57561895-5E50-4AB2-ABE7-3F992DD75B8E}.Debug|x86.Build.0 = Debug|Any CPU
		{57561895-5E50-4AB2-ABE7-3F992DD75B8E}.Release|Any CPU.ActiveCfg = Release|Any CPU
		{57561895-5E50-4AB2-ABE7-3F992DD75B8E}.Release|Any CPU.Build.0 = Release|Any CPU
		{57561895-5E50-4AB2-ABE7-3F992DD75B8E}.Release|x64.ActiveCfg = Release|Any CPU
		{57561895-5E50-4AB2-ABE7-3F992DD75B8E}.Release|x64.Build.0 = Release|Any CPU
		{57561895-5E50-4AB2-ABE7-3F992DD75B8E}.Release|x86.ActiveCfg = Release|Any CPU
		{57561895-5E50-4AB2-ABE7-3F992DD75B8E}.Release|x86.Build.0 = Release|Any CPU
		{A78835BE-46E7-4662-97A6-5E9DC4AEABED}.Debug|Any CPU.ActiveCfg = Debug|Any CPU
		{A78835BE-46E7-4662-97A6-5E9DC4AEABED}.Debug|Any CPU.Build.0 = Debug|Any CPU
		{A78835BE-46E7-4662-97A6-5E9DC4AEABED}.Debug|x64.ActiveCfg = Debug|Any CPU
		{A78835BE-46E7-4662-97A6-5E9DC4AEABED}.Debug|x64.Build.0 = Debug|Any CPU
		{A78835BE-46E7-4662-97A6-5E9DC4AEABED}.Debug|x86.ActiveCfg = Debug|Any CPU
		{A78835BE-46E7-4662-97A6-5E9DC4AEABED}.Debug|x86.Build.0 = Debug|Any CPU
		{A78835BE-46E7-4662-97A6-5E9DC4AEABED}.Release|Any CPU.ActiveCfg = Release|Any CPU
		{A78835BE-46E7-4662-97A6-5E9DC4AEABED}.Release|Any CPU.Build.0 = Release|Any CPU
		{A78835BE-46E7-4662-97A6-5E9DC4AEABED}.Release|x64.ActiveCfg = Release|Any CPU
		{A78835BE-46E7-4662-97A6-5E9DC4AEABED}.Release|x64.Build.0 = Release|Any CPU
		{A78835BE-46E7-4662-97A6-5E9DC4AEABED}.Release|x86.ActiveCfg = Release|Any CPU
		{A78835BE-46E7-4662-97A6-5E9DC4AEABED}.Release|x86.Build.0 = Release|Any CPU
		{34566244-939F-4122-8AD7-34FCCBE9E14E}.Debug|Any CPU.ActiveCfg = Debug|Any CPU
		{34566244-939F-4122-8AD7-34FCCBE9E14E}.Debug|Any CPU.Build.0 = Debug|Any CPU
		{34566244-939F-4122-8AD7-34FCCBE9E14E}.Debug|x64.ActiveCfg = Debug|Any CPU
		{34566244-939F-4122-8AD7-34FCCBE9E14E}.Debug|x64.Build.0 = Debug|Any CPU
		{34566244-939F-4122-8AD7-34FCCBE9E14E}.Debug|x86.ActiveCfg = Debug|Any CPU
		{34566244-939F-4122-8AD7-34FCCBE9E14E}.Debug|x86.Build.0 = Debug|Any CPU
		{34566244-939F-4122-8AD7-34FCCBE9E14E}.Release|Any CPU.ActiveCfg = Release|Any CPU
		{34566244-939F-4122-8AD7-34FCCBE9E14E}.Release|Any CPU.Build.0 = Release|Any CPU
		{34566244-939F-4122-8AD7-34FCCBE9E14E}.Release|x64.ActiveCfg = Release|Any CPU
		{34566244-939F-4122-8AD7-34FCCBE9E14E}.Release|x64.Build.0 = Release|Any CPU
		{34566244-939F-4122-8AD7-34FCCBE9E14E}.Release|x86.ActiveCfg = Release|Any CPU
		{34566244-939F-4122-8AD7-34FCCBE9E14E}.Release|x86.Build.0 = Release|Any CPU
		{9726EB34-7D7C-4758-9F4C-77FE7C968588}.Debug|Any CPU.ActiveCfg = Debug|Any CPU
		{9726EB34-7D7C-4758-9F4C-77FE7C968588}.Debug|Any CPU.Build.0 = Debug|Any CPU
		{9726EB34-7D7C-4758-9F4C-77FE7C968588}.Debug|x64.ActiveCfg = Debug|Any CPU
		{9726EB34-7D7C-4758-9F4C-77FE7C968588}.Debug|x64.Build.0 = Debug|Any CPU
		{9726EB34-7D7C-4758-9F4C-77FE7C968588}.Debug|x86.ActiveCfg = Debug|Any CPU
		{9726EB34-7D7C-4758-9F4C-77FE7C968588}.Debug|x86.Build.0 = Debug|Any CPU
		{9726EB34-7D7C-4758-9F4C-77FE7C968588}.Release|Any CPU.ActiveCfg = Release|Any CPU
		{9726EB34-7D7C-4758-9F4C-77FE7C968588}.Release|Any CPU.Build.0 = Release|Any CPU
		{9726EB34-7D7C-4758-9F4C-77FE7C968588}.Release|x64.ActiveCfg = Release|Any CPU
		{9726EB34-7D7C-4758-9F4C-77FE7C968588}.Release|x64.Build.0 = Release|Any CPU
		{9726EB34-7D7C-4758-9F4C-77FE7C968588}.Release|x86.ActiveCfg = Release|Any CPU
		{9726EB34-7D7C-4758-9F4C-77FE7C968588}.Release|x86.Build.0 = Release|Any CPU
	EndGlobalSection
	GlobalSection(SolutionProperties) = preSolution
		HideSolutionNode = FALSE
	EndGlobalSection
	GlobalSection(NestedProjects) = preSolution
		{FEB2C626-AD76-4955-AA2E-C17CF4EFC7E8} = {827E0CD3-B72D-47B6-A68D-7590B98EB39B}
		{B673F761-6ACE-4DF3-9739-39230DAE4702} = {827E0CD3-B72D-47B6-A68D-7590B98EB39B}
		{57561895-5E50-4AB2-ABE7-3F992DD75B8E} = {827E0CD3-B72D-47B6-A68D-7590B98EB39B}
		{A78835BE-46E7-4662-97A6-5E9DC4AEABED} = {827E0CD3-B72D-47B6-A68D-7590B98EB39B}
		{34566244-939F-4122-8AD7-34FCCBE9E14E} = {827E0CD3-B72D-47B6-A68D-7590B98EB39B}
	EndGlobalSection
EndGlobal
